
Microsoft Visual Studio Solution File, Format Version 12.00
# Visual Studio Version 17
VisualStudioVersion = 17.3.32819.101
MinimumVisualStudioVersion = 10.0.40219.1
Project("{9A19103F-16F7-4668-BE54-9A1E7A4F7556}") = "Str8tSolver.Lib", "Str8tSolver.Lib\Str8tSolver.Lib.csproj", "{FD09ACF5-1441-4E46-B10B-E546BC8D921E}"
EndProject
Project("{9A19103F-16F7-4668-BE54-9A1E7A4F7556}") = "Str8tSolver.Exe", "Str8tSolver.Exe\Str8tSolver.Exe.csproj", "{EC5A4260-B0F3-4F9B-BA46-225E20A4A478}"
EndProject
Project("{FAE04EC0-301F-11D3-BF4B-00C04F79EFBC}") = "Str8tSolver.Test", "Str8tSolver.Test\Str8tSolver.Test.csproj", "{FBA6751E-F8E6-411D-962B-7491A53253F8}"
EndProject
Global
	GlobalSection(SolutionConfigurationPlatforms) = preSolution
		Debug|Any CPU = Debug|Any CPU
		Release|Any CPU = Release|Any CPU
	EndGlobalSection
	GlobalSection(ProjectConfigurationPlatforms) = postSolution
		{FD09ACF5-1441-4E46-B10B-E546BC8D921E}.Debug|Any CPU.ActiveCfg = Debug|Any CPU
		{FD09ACF5-1441-4E46-B10B-E546BC8D921E}.Debug|Any CPU.Build.0 = Debug|Any CPU
		{FD09ACF5-1441-4E46-B10B-E546BC8D921E}.Release|Any CPU.ActiveCfg = Release|Any CPU
		{FD09ACF5-1441-4E46-B10B-E546BC8D921E}.Release|Any CPU.Build.0 = Release|Any CPU
		{EC5A4260-B0F3-4F9B-BA46-225E20A4A478}.Debug|Any CPU.ActiveCfg = Debug|Any CPU
		{EC5A4260-B0F3-4F9B-BA46-225E20A4A478}.Debug|Any CPU.Build.0 = Debug|Any CPU
		{EC5A4260-B0F3-4F9B-BA46-225E20A4A478}.Release|Any CPU.ActiveCfg = Release|Any CPU
		{EC5A4260-B0F3-4F9B-BA46-225E20A4A478}.Release|Any CPU.Build.0 = Release|Any CPU
		{FBA6751E-F8E6-411D-962B-7491A53253F8}.Debug|Any CPU.ActiveCfg = Debug|Any CPU
		{FBA6751E-F8E6-411D-962B-7491A53253F8}.Debug|Any CPU.Build.0 = Debug|Any CPU
		{FBA6751E-F8E6-411D-962B-7491A53253F8}.Release|Any CPU.ActiveCfg = Release|Any CPU
		{FBA6751E-F8E6-411D-962B-7491A53253F8}.Release|Any CPU.Build.0 = Release|Any CPU
	EndGlobalSection
	GlobalSection(SolutionProperties) = preSolution
		HideSolutionNode = FALSE
	EndGlobalSection
	GlobalSection(ExtensibilityGlobals) = postSolution
		SolutionGuid = {A19AE830-8871-4C63-AA96-BBE3C68C4FD2}
	EndGlobalSection
EndGlobal
